
Microsoft Visual Studio Solution File, Format Version 12.00
# Visual Studio Version 16
VisualStudioVersion = 16.0.30204.135
MinimumVisualStudioVersion = 10.0.40219.1
Project("{8BC9CEB8-8B4A-11D0-8D11-00A0C91BC942}") = "OpenFaceInterop", "OpenFaceInterop\OpenFaceInterop.vcxproj", "{78196985-EE54-411F-822B-5A23EDF80642}"
EndProject
Project("{8BC9CEB8-8B4A-11D0-8D11-00A0C91BC942}") = "BiopacInterop", "BiopacInterop\BiopacInterop.vcxproj", "{FC200E98-DC12-4276-A7CD-588CD9E638A7}"
EndProject
Project("{9A19103F-16F7-4668-BE54-9A1E7A4F7556}") = "OpenPosePInvoke", "OpenPosePInvoke\OpenPosePInvoke.csproj", "{39148FCD-A298-4080-B9DA-46D1A2E4E789}"
EndProject
Project("{8BC9CEB8-8B4A-11D0-8D11-00A0C91BC942}") = "OpenSmileInterop", "OpenSmileInterop\openSmileInterop.vcxproj", "{F7324168-9704-4996-BF61-546590F86614}"
EndProject
Project("{2150E333-8FDC-42A3-9474-1A3956D46DE8}") = "Solution Items", "Solution Items", "{59B873D6-5EB5-47B2-8242-C427367C736D}"
	ProjectSection(SolutionItems) = preProject
		.editorconfig = .editorconfig
	EndProjectSection
EndProject
Project("{9A19103F-16F7-4668-BE54-9A1E7A4F7556}") = "OpenSense", "OpenSense\OpenSense.csproj", "{B1A06454-C346-44BB-B988-13855D99E5DD}"
EndProject
Project("{9A19103F-16F7-4668-BE54-9A1E7A4F7556}") = "ComponentContract", "ComponentContract\ComponentContract.csproj", "{3CCE5DC7-EF98-4E4A-B48A-6BF3C207136E}"
EndProject
Project("{9A19103F-16F7-4668-BE54-9A1E7A4F7556}") = "WpfApplication", "WpfApplication\WpfApplication.csproj", "{E3A55EA5-09F8-4ED6-99C9-4E7767A0121A}"
EndProject
Project("{9A19103F-16F7-4668-BE54-9A1E7A4F7556}") = "Pipeline", "Pipeline\Pipeline.csproj", "{2FB95435-EECA-4EE6-8E48-5068165E6A14}"
EndProject
Project("{2150E333-8FDC-42A3-9474-1A3956D46DE8}") = "Component", "Component", "{5C411F31-BF09-4976-95CD-8748327C8478}"
EndProject
Project("{2150E333-8FDC-42A3-9474-1A3956D46DE8}") = "Interoperation", "Interoperation", "{F084F6AC-C478-4C9A-A2D5-6FB3F978DD9B}"
EndProject
Project("{9A19103F-16F7-4668-BE54-9A1E7A4F7556}") = "Psi.Media.Windows", "Psi.Media.Windows\Psi.Media.Windows.csproj", "{0D30E1E8-E5E3-4B9C-8BD7-4310614C65BD}"
EndProject
Project("{9A19103F-16F7-4668-BE54-9A1E7A4F7556}") = "Imaging", "Imaging\Imaging.csproj", "{736E1DE9-D1FB-40DD-9371-FB6E2066964D}"
EndProject
Project("{9A19103F-16F7-4668-BE54-9A1E7A4F7556}") = "WpfComponentContract", "WpfComponentContract\WpfComponentContract.csproj", "{0651C283-314F-481A-901D-7AF4366E40D3}"
EndProject
Project("{9A19103F-16F7-4668-BE54-9A1E7A4F7556}") = "Psi.Media.Windows.Wpf", "Psi.Media.Windows.Wpf\Psi.Media.Windows.Wpf.csproj", "{37C0BA0E-AC85-4C61-A187-1C7CF7E690D8}"
EndProject
Project("{9A19103F-16F7-4668-BE54-9A1E7A4F7556}") = "Imaging.Visualizer.Wpf", "Imaging.Visualizer.Wpf\Imaging.Visualizer.Wpf.csproj", "{B7369973-9984-480E-94B7-498D3C72E4AF}"
EndProject
Project("{2150E333-8FDC-42A3-9474-1A3956D46DE8}") = "Legacy", "Legacy", "{8F6A4B36-5588-4C25-8900-6F969C345F3C}"
EndProject
Project("{9A19103F-16F7-4668-BE54-9A1E7A4F7556}") = "Psi", "Psi\Psi.csproj", "{D275B163-5D5B-4879-9A10-A5C10EDB00AE}"
EndProject
Project("{9A19103F-16F7-4668-BE54-9A1E7A4F7556}") = "Psi.Wpf", "Psi.Wpf\Psi.Wpf.csproj", "{3F716DF0-E3EF-4C61-8F80-3244DF8D68DE}"
EndProject
Project("{FAE04EC0-301F-11D3-BF4B-00C04F79EFBC}") = "Psi.Audio.Windows", "Psi.Audio.Windows\Psi.Audio.Windows.csproj", "{CF8A5C5E-46D1-485E-A1DD-45529BFCE950}"
EndProject
Project("{FAE04EC0-301F-11D3-BF4B-00C04F79EFBC}") = "Psi.Audio.Windows.Wpf", "Psi.Audio.Windows.Wpf\Psi.Audio.Windows.Wpf.csproj", "{E8E5F09C-EA0F-4CA5-A762-71EF3A3180D9}"
EndProject
Project("{FAE04EC0-301F-11D3-BF4B-00C04F79EFBC}") = "Psi.Audio", "Psi.Audio\Psi.Audio.csproj", "{7F0B64B3-7A4A-479D-AB29-6574028EF1D8}"
EndProject
Project("{FAE04EC0-301F-11D3-BF4B-00C04F79EFBC}") = "Psi.Audio.Wpf", "Psi.Audio.Wpf\Psi.Audio.Wpf.csproj", "{1517437D-F5B6-4124-A985-2D2AD1D04F1B}"
EndProject
Project("{FAE04EC0-301F-11D3-BF4B-00C04F79EFBC}") = "Psi.Imaging.Windows", "Psi.Imaging.Windows\Psi.Imaging.Windows.csproj", "{E0717F71-D9AF-41D3-9368-1810950CBCC6}"
EndProject
Global
	GlobalSection(SolutionConfigurationPlatforms) = preSolution
		Debug|Any CPU = Debug|Any CPU
		Debug|x64 = Debug|x64
		Debug|x86 = Debug|x86
		Release|Any CPU = Release|Any CPU
		Release|x64 = Release|x64
		Release|x86 = Release|x86
	EndGlobalSection
	GlobalSection(ProjectConfigurationPlatforms) = postSolution
		{78196985-EE54-411F-822B-5A23EDF80642}.Debug|Any CPU.ActiveCfg = Debug|x64
		{78196985-EE54-411F-822B-5A23EDF80642}.Debug|x64.ActiveCfg = Debug|x64
		{78196985-EE54-411F-822B-5A23EDF80642}.Debug|x64.Build.0 = Debug|x64
		{78196985-EE54-411F-822B-5A23EDF80642}.Debug|x86.ActiveCfg = Debug|x64
		{78196985-EE54-411F-822B-5A23EDF80642}.Release|Any CPU.ActiveCfg = Release|x64
		{78196985-EE54-411F-822B-5A23EDF80642}.Release|x64.ActiveCfg = Release|x64
		{78196985-EE54-411F-822B-5A23EDF80642}.Release|x64.Build.0 = Release|x64
		{78196985-EE54-411F-822B-5A23EDF80642}.Release|x86.ActiveCfg = Release|x64
		{FC200E98-DC12-4276-A7CD-588CD9E638A7}.Debug|Any CPU.ActiveCfg = Debug|x64
		{FC200E98-DC12-4276-A7CD-588CD9E638A7}.Debug|x64.ActiveCfg = Debug|x64
		{FC200E98-DC12-4276-A7CD-588CD9E638A7}.Debug|x64.Build.0 = Debug|x64
		{FC200E98-DC12-4276-A7CD-588CD9E638A7}.Debug|x86.ActiveCfg = Debug|x64
		{FC200E98-DC12-4276-A7CD-588CD9E638A7}.Release|Any CPU.ActiveCfg = Release|x64
		{FC200E98-DC12-4276-A7CD-588CD9E638A7}.Release|x64.ActiveCfg = Release|x64
		{FC200E98-DC12-4276-A7CD-588CD9E638A7}.Release|x64.Build.0 = Release|x64
		{FC200E98-DC12-4276-A7CD-588CD9E638A7}.Release|x86.ActiveCfg = Release|x64
		{39148FCD-A298-4080-B9DA-46D1A2E4E789}.Debug|Any CPU.ActiveCfg = Debug|x64
		{39148FCD-A298-4080-B9DA-46D1A2E4E789}.Debug|x64.ActiveCfg = Debug|x64
		{39148FCD-A298-4080-B9DA-46D1A2E4E789}.Debug|x64.Build.0 = Debug|x64
		{39148FCD-A298-4080-B9DA-46D1A2E4E789}.Debug|x86.ActiveCfg = Debug|x64
		{39148FCD-A298-4080-B9DA-46D1A2E4E789}.Release|Any CPU.ActiveCfg = Release|x64
		{39148FCD-A298-4080-B9DA-46D1A2E4E789}.Release|x64.ActiveCfg = Release|x64
		{39148FCD-A298-4080-B9DA-46D1A2E4E789}.Release|x64.Build.0 = Release|x64
		{39148FCD-A298-4080-B9DA-46D1A2E4E789}.Release|x86.ActiveCfg = Release|x64
		{F7324168-9704-4996-BF61-546590F86614}.Debug|Any CPU.ActiveCfg = Debug|Win32
		{F7324168-9704-4996-BF61-546590F86614}.Debug|x64.ActiveCfg = Debug|x64
		{F7324168-9704-4996-BF61-546590F86614}.Debug|x64.Build.0 = Debug|x64
		{F7324168-9704-4996-BF61-546590F86614}.Debug|x86.ActiveCfg = Debug|Win32
		{F7324168-9704-4996-BF61-546590F86614}.Release|Any CPU.ActiveCfg = Release|Win32
		{F7324168-9704-4996-BF61-546590F86614}.Release|x64.ActiveCfg = Release|x64
		{F7324168-9704-4996-BF61-546590F86614}.Release|x64.Build.0 = Release|x64
		{F7324168-9704-4996-BF61-546590F86614}.Release|x86.ActiveCfg = Release|Win32
		{F7324168-9704-4996-BF61-546590F86614}.Release|x86.Build.0 = Release|Win32
		{B1A06454-C346-44BB-B988-13855D99E5DD}.Debug|Any CPU.ActiveCfg = Debug|x64
		{B1A06454-C346-44BB-B988-13855D99E5DD}.Debug|x64.ActiveCfg = Debug|x64
		{B1A06454-C346-44BB-B988-13855D99E5DD}.Debug|x64.Build.0 = Debug|x64
		{B1A06454-C346-44BB-B988-13855D99E5DD}.Debug|x86.ActiveCfg = Debug|x64
		{B1A06454-C346-44BB-B988-13855D99E5DD}.Release|Any CPU.ActiveCfg = Release|x64
		{B1A06454-C346-44BB-B988-13855D99E5DD}.Release|x64.ActiveCfg = Release|x64
		{B1A06454-C346-44BB-B988-13855D99E5DD}.Release|x64.Build.0 = Release|x64
		{B1A06454-C346-44BB-B988-13855D99E5DD}.Release|x86.ActiveCfg = Release|x64
		{3CCE5DC7-EF98-4E4A-B48A-6BF3C207136E}.Debug|Any CPU.ActiveCfg = Debug|Any CPU
		{3CCE5DC7-EF98-4E4A-B48A-6BF3C207136E}.Debug|Any CPU.Build.0 = Debug|Any CPU
		{3CCE5DC7-EF98-4E4A-B48A-6BF3C207136E}.Debug|x64.ActiveCfg = Debug|Any CPU
		{3CCE5DC7-EF98-4E4A-B48A-6BF3C207136E}.Debug|x64.Build.0 = Debug|Any CPU
		{3CCE5DC7-EF98-4E4A-B48A-6BF3C207136E}.Debug|x86.ActiveCfg = Debug|Any CPU
		{3CCE5DC7-EF98-4E4A-B48A-6BF3C207136E}.Debug|x86.Build.0 = Debug|Any CPU
		{3CCE5DC7-EF98-4E4A-B48A-6BF3C207136E}.Release|Any CPU.ActiveCfg = Release|Any CPU
		{3CCE5DC7-EF98-4E4A-B48A-6BF3C207136E}.Release|Any CPU.Build.0 = Release|Any CPU
		{3CCE5DC7-EF98-4E4A-B48A-6BF3C207136E}.Release|x64.ActiveCfg = Release|Any CPU
		{3CCE5DC7-EF98-4E4A-B48A-6BF3C207136E}.Release|x64.Build.0 = Release|Any CPU
		{3CCE5DC7-EF98-4E4A-B48A-6BF3C207136E}.Release|x86.ActiveCfg = Release|Any CPU
		{3CCE5DC7-EF98-4E4A-B48A-6BF3C207136E}.Release|x86.Build.0 = Release|Any CPU
		{E3A55EA5-09F8-4ED6-99C9-4E7767A0121A}.Debug|Any CPU.ActiveCfg = Debug|Any CPU
		{E3A55EA5-09F8-4ED6-99C9-4E7767A0121A}.Debug|x64.ActiveCfg = Debug|Any CPU
		{E3A55EA5-09F8-4ED6-99C9-4E7767A0121A}.Debug|x64.Build.0 = Debug|Any CPU
		{E3A55EA5-09F8-4ED6-99C9-4E7767A0121A}.Debug|x86.ActiveCfg = Debug|Any CPU
		{E3A55EA5-09F8-4ED6-99C9-4E7767A0121A}.Release|Any CPU.ActiveCfg = Release|Any CPU
		{E3A55EA5-09F8-4ED6-99C9-4E7767A0121A}.Release|Any CPU.Build.0 = Release|Any CPU
		{E3A55EA5-09F8-4ED6-99C9-4E7767A0121A}.Release|x64.ActiveCfg = Release|Any CPU
		{E3A55EA5-09F8-4ED6-99C9-4E7767A0121A}.Release|x64.Build.0 = Release|Any CPU
		{E3A55EA5-09F8-4ED6-99C9-4E7767A0121A}.Release|x86.ActiveCfg = Release|Any CPU
		{E3A55EA5-09F8-4ED6-99C9-4E7767A0121A}.Release|x86.Build.0 = Release|Any CPU
		{2FB95435-EECA-4EE6-8E48-5068165E6A14}.Debug|Any CPU.ActiveCfg = Debug|Any CPU
		{2FB95435-EECA-4EE6-8E48-5068165E6A14}.Debug|Any CPU.Build.0 = Debug|Any CPU
		{2FB95435-EECA-4EE6-8E48-5068165E6A14}.Debug|x64.ActiveCfg = Debug|Any CPU
		{2FB95435-EECA-4EE6-8E48-5068165E6A14}.Debug|x64.Build.0 = Debug|Any CPU
		{2FB95435-EECA-4EE6-8E48-5068165E6A14}.Debug|x86.ActiveCfg = Debug|Any CPU
		{2FB95435-EECA-4EE6-8E48-5068165E6A14}.Debug|x86.Build.0 = Debug|Any CPU
		{2FB95435-EECA-4EE6-8E48-5068165E6A14}.Release|Any CPU.ActiveCfg = Release|Any CPU
		{2FB95435-EECA-4EE6-8E48-5068165E6A14}.Release|Any CPU.Build.0 = Release|Any CPU
		{2FB95435-EECA-4EE6-8E48-5068165E6A14}.Release|x64.ActiveCfg = Release|Any CPU
		{2FB95435-EECA-4EE6-8E48-5068165E6A14}.Release|x64.Build.0 = Release|Any CPU
		{2FB95435-EECA-4EE6-8E48-5068165E6A14}.Release|x86.ActiveCfg = Release|Any CPU
		{2FB95435-EECA-4EE6-8E48-5068165E6A14}.Release|x86.Build.0 = Release|Any CPU
		{0D30E1E8-E5E3-4B9C-8BD7-4310614C65BD}.Debug|Any CPU.ActiveCfg = Debug|Any CPU
		{0D30E1E8-E5E3-4B9C-8BD7-4310614C65BD}.Debug|x64.ActiveCfg = Debug|Any CPU
		{0D30E1E8-E5E3-4B9C-8BD7-4310614C65BD}.Debug|x64.Build.0 = Debug|Any CPU
		{0D30E1E8-E5E3-4B9C-8BD7-4310614C65BD}.Debug|x86.ActiveCfg = Debug|Any CPU
		{0D30E1E8-E5E3-4B9C-8BD7-4310614C65BD}.Release|Any CPU.ActiveCfg = Release|Any CPU
		{0D30E1E8-E5E3-4B9C-8BD7-4310614C65BD}.Release|Any CPU.Build.0 = Release|Any CPU
		{0D30E1E8-E5E3-4B9C-8BD7-4310614C65BD}.Release|x64.ActiveCfg = Release|Any CPU
		{0D30E1E8-E5E3-4B9C-8BD7-4310614C65BD}.Release|x64.Build.0 = Release|Any CPU
		{0D30E1E8-E5E3-4B9C-8BD7-4310614C65BD}.Release|x86.ActiveCfg = Release|Any CPU
		{0D30E1E8-E5E3-4B9C-8BD7-4310614C65BD}.Release|x86.Build.0 = Release|Any CPU
		{736E1DE9-D1FB-40DD-9371-FB6E2066964D}.Debug|Any CPU.ActiveCfg = Debug|Any CPU
		{736E1DE9-D1FB-40DD-9371-FB6E2066964D}.Debug|x64.ActiveCfg = Debug|Any CPU
		{736E1DE9-D1FB-40DD-9371-FB6E2066964D}.Debug|x64.Build.0 = Debug|Any CPU
		{736E1DE9-D1FB-40DD-9371-FB6E2066964D}.Debug|x86.ActiveCfg = Debug|Any CPU
		{736E1DE9-D1FB-40DD-9371-FB6E2066964D}.Release|Any CPU.ActiveCfg = Release|Any CPU
		{736E1DE9-D1FB-40DD-9371-FB6E2066964D}.Release|Any CPU.Build.0 = Release|Any CPU
		{736E1DE9-D1FB-40DD-9371-FB6E2066964D}.Release|x64.ActiveCfg = Release|Any CPU
		{736E1DE9-D1FB-40DD-9371-FB6E2066964D}.Release|x64.Build.0 = Release|Any CPU
		{736E1DE9-D1FB-40DD-9371-FB6E2066964D}.Release|x86.ActiveCfg = Release|Any CPU
		{736E1DE9-D1FB-40DD-9371-FB6E2066964D}.Release|x86.Build.0 = Release|Any CPU
		{0651C283-314F-481A-901D-7AF4366E40D3}.Debug|Any CPU.ActiveCfg = Debug|Any CPU
		{0651C283-314F-481A-901D-7AF4366E40D3}.Debug|Any CPU.Build.0 = Debug|Any CPU
		{0651C283-314F-481A-901D-7AF4366E40D3}.Debug|x64.ActiveCfg = Debug|Any CPU
		{0651C283-314F-481A-901D-7AF4366E40D3}.Debug|x64.Build.0 = Debug|Any CPU
		{0651C283-314F-481A-901D-7AF4366E40D3}.Debug|x86.ActiveCfg = Debug|Any CPU
		{0651C283-314F-481A-901D-7AF4366E40D3}.Release|Any CPU.ActiveCfg = Release|Any CPU
		{0651C283-314F-481A-901D-7AF4366E40D3}.Release|Any CPU.Build.0 = Release|Any CPU
		{0651C283-314F-481A-901D-7AF4366E40D3}.Release|x64.ActiveCfg = Release|Any CPU
		{0651C283-314F-481A-901D-7AF4366E40D3}.Release|x64.Build.0 = Release|Any CPU
		{0651C283-314F-481A-901D-7AF4366E40D3}.Release|x86.ActiveCfg = Release|Any CPU
		{0651C283-314F-481A-901D-7AF4366E40D3}.Release|x86.Build.0 = Release|Any CPU
		{37C0BA0E-AC85-4C61-A187-1C7CF7E690D8}.Debug|Any CPU.ActiveCfg = Debug|Any CPU
		{37C0BA0E-AC85-4C61-A187-1C7CF7E690D8}.Debug|Any CPU.Build.0 = Debug|Any CPU
		{37C0BA0E-AC85-4C61-A187-1C7CF7E690D8}.Debug|x64.ActiveCfg = Debug|Any CPU
		{37C0BA0E-AC85-4C61-A187-1C7CF7E690D8}.Debug|x64.Build.0 = Debug|Any CPU
		{37C0BA0E-AC85-4C61-A187-1C7CF7E690D8}.Debug|x86.ActiveCfg = Debug|Any CPU
		{37C0BA0E-AC85-4C61-A187-1C7CF7E690D8}.Debug|x86.Build.0 = Debug|Any CPU
		{37C0BA0E-AC85-4C61-A187-1C7CF7E690D8}.Release|Any CPU.ActiveCfg = Release|Any CPU
		{37C0BA0E-AC85-4C61-A187-1C7CF7E690D8}.Release|Any CPU.Build.0 = Release|Any CPU
		{37C0BA0E-AC85-4C61-A187-1C7CF7E690D8}.Release|x64.ActiveCfg = Release|Any CPU
		{37C0BA0E-AC85-4C61-A187-1C7CF7E690D8}.Release|x64.Build.0 = Release|Any CPU
		{37C0BA0E-AC85-4C61-A187-1C7CF7E690D8}.Release|x86.ActiveCfg = Release|Any CPU
		{37C0BA0E-AC85-4C61-A187-1C7CF7E690D8}.Release|x86.Build.0 = Release|Any CPU
		{B7369973-9984-480E-94B7-498D3C72E4AF}.Debug|Any CPU.ActiveCfg = Debug|Any CPU
		{B7369973-9984-480E-94B7-498D3C72E4AF}.Debug|Any CPU.Build.0 = Debug|Any CPU
		{B7369973-9984-480E-94B7-498D3C72E4AF}.Debug|x64.ActiveCfg = Debug|Any CPU
		{B7369973-9984-480E-94B7-498D3C72E4AF}.Debug|x64.Build.0 = Debug|Any CPU
		{B7369973-9984-480E-94B7-498D3C72E4AF}.Debug|x86.ActiveCfg = Debug|Any CPU
		{B7369973-9984-480E-94B7-498D3C72E4AF}.Debug|x86.Build.0 = Debug|Any CPU
		{B7369973-9984-480E-94B7-498D3C72E4AF}.Release|Any CPU.ActiveCfg = Release|Any CPU
		{B7369973-9984-480E-94B7-498D3C72E4AF}.Release|Any CPU.Build.0 = Release|Any CPU
		{B7369973-9984-480E-94B7-498D3C72E4AF}.Release|x64.ActiveCfg = Release|Any CPU
		{B7369973-9984-480E-94B7-498D3C72E4AF}.Release|x64.Build.0 = Release|Any CPU
		{B7369973-9984-480E-94B7-498D3C72E4AF}.Release|x86.ActiveCfg = Release|Any CPU
		{B7369973-9984-480E-94B7-498D3C72E4AF}.Release|x86.Build.0 = Release|Any CPU
		{D275B163-5D5B-4879-9A10-A5C10EDB00AE}.Debug|Any CPU.ActiveCfg = Debug|Any CPU
		{D275B163-5D5B-4879-9A10-A5C10EDB00AE}.Debug|Any CPU.Build.0 = Debug|Any CPU
		{D275B163-5D5B-4879-9A10-A5C10EDB00AE}.Debug|x64.ActiveCfg = Debug|Any CPU
		{D275B163-5D5B-4879-9A10-A5C10EDB00AE}.Debug|x64.Build.0 = Debug|Any CPU
		{D275B163-5D5B-4879-9A10-A5C10EDB00AE}.Debug|x86.ActiveCfg = Debug|Any CPU
		{D275B163-5D5B-4879-9A10-A5C10EDB00AE}.Debug|x86.Build.0 = Debug|Any CPU
		{D275B163-5D5B-4879-9A10-A5C10EDB00AE}.Release|Any CPU.ActiveCfg = Release|Any CPU
		{D275B163-5D5B-4879-9A10-A5C10EDB00AE}.Release|Any CPU.Build.0 = Release|Any CPU
		{D275B163-5D5B-4879-9A10-A5C10EDB00AE}.Release|x64.ActiveCfg = Release|Any CPU
		{D275B163-5D5B-4879-9A10-A5C10EDB00AE}.Release|x64.Build.0 = Release|Any CPU
		{D275B163-5D5B-4879-9A10-A5C10EDB00AE}.Release|x86.ActiveCfg = Release|Any CPU
		{D275B163-5D5B-4879-9A10-A5C10EDB00AE}.Release|x86.Build.0 = Release|Any CPU
		{3F716DF0-E3EF-4C61-8F80-3244DF8D68DE}.Debug|Any CPU.ActiveCfg = Debug|Any CPU
		{3F716DF0-E3EF-4C61-8F80-3244DF8D68DE}.Debug|Any CPU.Build.0 = Debug|Any CPU
		{3F716DF0-E3EF-4C61-8F80-3244DF8D68DE}.Debug|x64.ActiveCfg = Debug|Any CPU
		{3F716DF0-E3EF-4C61-8F80-3244DF8D68DE}.Debug|x64.Build.0 = Debug|Any CPU
		{3F716DF0-E3EF-4C61-8F80-3244DF8D68DE}.Debug|x86.ActiveCfg = Debug|Any CPU
		{3F716DF0-E3EF-4C61-8F80-3244DF8D68DE}.Debug|x86.Build.0 = Debug|Any CPU
		{3F716DF0-E3EF-4C61-8F80-3244DF8D68DE}.Release|Any CPU.ActiveCfg = Release|Any CPU
		{3F716DF0-E3EF-4C61-8F80-3244DF8D68DE}.Release|Any CPU.Build.0 = Release|Any CPU
		{3F716DF0-E3EF-4C61-8F80-3244DF8D68DE}.Release|x64.ActiveCfg = Release|Any CPU
		{3F716DF0-E3EF-4C61-8F80-3244DF8D68DE}.Release|x64.Build.0 = Release|Any CPU
		{3F716DF0-E3EF-4C61-8F80-3244DF8D68DE}.Release|x86.ActiveCfg = Release|Any CPU
		{3F716DF0-E3EF-4C61-8F80-3244DF8D68DE}.Release|x86.Build.0 = Release|Any CPU
		{CF8A5C5E-46D1-485E-A1DD-45529BFCE950}.Debug|Any CPU.ActiveCfg = Debug|Any CPU
		{CF8A5C5E-46D1-485E-A1DD-45529BFCE950}.Debug|Any CPU.Build.0 = Debug|Any CPU
		{CF8A5C5E-46D1-485E-A1DD-45529BFCE950}.Debug|x64.ActiveCfg = Debug|Any CPU
		{CF8A5C5E-46D1-485E-A1DD-45529BFCE950}.Debug|x64.Build.0 = Debug|Any CPU
		{CF8A5C5E-46D1-485E-A1DD-45529BFCE950}.Debug|x86.ActiveCfg = Debug|Any CPU
		{CF8A5C5E-46D1-485E-A1DD-45529BFCE950}.Debug|x86.Build.0 = Debug|Any CPU
		{CF8A5C5E-46D1-485E-A1DD-45529BFCE950}.Release|Any CPU.ActiveCfg = Release|Any CPU
		{CF8A5C5E-46D1-485E-A1DD-45529BFCE950}.Release|Any CPU.Build.0 = Release|Any CPU
		{CF8A5C5E-46D1-485E-A1DD-45529BFCE950}.Release|x64.ActiveCfg = Release|Any CPU
		{CF8A5C5E-46D1-485E-A1DD-45529BFCE950}.Release|x64.Build.0 = Release|Any CPU
		{CF8A5C5E-46D1-485E-A1DD-45529BFCE950}.Release|x86.ActiveCfg = Release|Any CPU
		{CF8A5C5E-46D1-485E-A1DD-45529BFCE950}.Release|x86.Build.0 = Release|Any CPU
		{E8E5F09C-EA0F-4CA5-A762-71EF3A3180D9}.Debug|Any CPU.ActiveCfg = Debug|Any CPU
		{E8E5F09C-EA0F-4CA5-A762-71EF3A3180D9}.Debug|Any CPU.Build.0 = Debug|Any CPU
		{E8E5F09C-EA0F-4CA5-A762-71EF3A3180D9}.Debug|x64.ActiveCfg = Debug|Any CPU
		{E8E5F09C-EA0F-4CA5-A762-71EF3A3180D9}.Debug|x64.Build.0 = Debug|Any CPU
		{E8E5F09C-EA0F-4CA5-A762-71EF3A3180D9}.Debug|x86.ActiveCfg = Debug|Any CPU
		{E8E5F09C-EA0F-4CA5-A762-71EF3A3180D9}.Debug|x86.Build.0 = Debug|Any CPU
		{E8E5F09C-EA0F-4CA5-A762-71EF3A3180D9}.Release|Any CPU.ActiveCfg = Release|Any CPU
		{E8E5F09C-EA0F-4CA5-A762-71EF3A3180D9}.Release|Any CPU.Build.0 = Release|Any CPU
		{E8E5F09C-EA0F-4CA5-A762-71EF3A3180D9}.Release|x64.ActiveCfg = Release|Any CPU
		{E8E5F09C-EA0F-4CA5-A762-71EF3A3180D9}.Release|x64.Build.0 = Release|Any CPU
		{E8E5F09C-EA0F-4CA5-A762-71EF3A3180D9}.Release|x86.ActiveCfg = Release|Any CPU
		{E8E5F09C-EA0F-4CA5-A762-71EF3A3180D9}.Release|x86.Build.0 = Release|Any CPU
		{7F0B64B3-7A4A-479D-AB29-6574028EF1D8}.Debug|Any CPU.ActiveCfg = Debug|Any CPU
		{7F0B64B3-7A4A-479D-AB29-6574028EF1D8}.Debug|Any CPU.Build.0 = Debug|Any CPU
		{7F0B64B3-7A4A-479D-AB29-6574028EF1D8}.Debug|x64.ActiveCfg = Debug|Any CPU
		{7F0B64B3-7A4A-479D-AB29-6574028EF1D8}.Debug|x64.Build.0 = Debug|Any CPU
		{7F0B64B3-7A4A-479D-AB29-6574028EF1D8}.Debug|x86.ActiveCfg = Debug|Any CPU
		{7F0B64B3-7A4A-479D-AB29-6574028EF1D8}.Debug|x86.Build.0 = Debug|Any CPU
		{7F0B64B3-7A4A-479D-AB29-6574028EF1D8}.Release|Any CPU.ActiveCfg = Release|Any CPU
		{7F0B64B3-7A4A-479D-AB29-6574028EF1D8}.Release|Any CPU.Build.0 = Release|Any CPU
		{7F0B64B3-7A4A-479D-AB29-6574028EF1D8}.Release|x64.ActiveCfg = Release|Any CPU
		{7F0B64B3-7A4A-479D-AB29-6574028EF1D8}.Release|x64.Build.0 = Release|Any CPU
		{7F0B64B3-7A4A-479D-AB29-6574028EF1D8}.Release|x86.ActiveCfg = Release|Any CPU
		{7F0B64B3-7A4A-479D-AB29-6574028EF1D8}.Release|x86.Build.0 = Release|Any CPU
		{1517437D-F5B6-4124-A985-2D2AD1D04F1B}.Debug|Any CPU.ActiveCfg = Debug|Any CPU
		{1517437D-F5B6-4124-A985-2D2AD1D04F1B}.Debug|Any CPU.Build.0 = Debug|Any CPU
		{1517437D-F5B6-4124-A985-2D2AD1D04F1B}.Debug|x64.ActiveCfg = Debug|Any CPU
		{1517437D-F5B6-4124-A985-2D2AD1D04F1B}.Debug|x64.Build.0 = Debug|Any CPU
		{1517437D-F5B6-4124-A985-2D2AD1D04F1B}.Debug|x86.ActiveCfg = Debug|Any CPU
		{1517437D-F5B6-4124-A985-2D2AD1D04F1B}.Debug|x86.Build.0 = Debug|Any CPU
		{1517437D-F5B6-4124-A985-2D2AD1D04F1B}.Release|Any CPU.ActiveCfg = Release|Any CPU
		{1517437D-F5B6-4124-A985-2D2AD1D04F1B}.Release|Any CPU.Build.0 = Release|Any CPU
		{1517437D-F5B6-4124-A985-2D2AD1D04F1B}.Release|x64.ActiveCfg = Release|Any CPU
		{1517437D-F5B6-4124-A985-2D2AD1D04F1B}.Release|x64.Build.0 = Release|Any CPU
		{1517437D-F5B6-4124-A985-2D2AD1D04F1B}.Release|x86.ActiveCfg = Release|Any CPU
		{1517437D-F5B6-4124-A985-2D2AD1D04F1B}.Release|x86.Build.0 = Release|Any CPU
		{E0717F71-D9AF-41D3-9368-1810950CBCC6}.Debug|Any CPU.ActiveCfg = Debug|Any CPU
		{E0717F71-D9AF-41D3-9368-1810950CBCC6}.Debug|Any CPU.Build.0 = Debug|Any CPU
		{E0717F71-D9AF-41D3-9368-1810950CBCC6}.Debug|x64.ActiveCfg = Debug|Any CPU
		{E0717F71-D9AF-41D3-9368-1810950CBCC6}.Debug|x64.Build.0 = Debug|Any CPU
		{E0717F71-D9AF-41D3-9368-1810950CBCC6}.Debug|x86.ActiveCfg = Debug|Any CPU
		{E0717F71-D9AF-41D3-9368-1810950CBCC6}.Debug|x86.Build.0 = Debug|Any CPU
		{E0717F71-D9AF-41D3-9368-1810950CBCC6}.Release|Any CPU.ActiveCfg = Release|Any CPU
		{E0717F71-D9AF-41D3-9368-1810950CBCC6}.Release|Any CPU.Build.0 = Release|Any CPU
		{E0717F71-D9AF-41D3-9368-1810950CBCC6}.Release|x64.ActiveCfg = Release|Any CPU
		{E0717F71-D9AF-41D3-9368-1810950CBCC6}.Release|x64.Build.0 = Release|Any CPU
		{E0717F71-D9AF-41D3-9368-1810950CBCC6}.Release|x86.ActiveCfg = Release|Any CPU
		{E0717F71-D9AF-41D3-9368-1810950CBCC6}.Release|x86.Build.0 = Release|Any CPU
	EndGlobalSection
	GlobalSection(SolutionProperties) = preSolution
		HideSolutionNode = FALSE
	EndGlobalSection
	GlobalSection(NestedProjects) = preSolution
		{78196985-EE54-411F-822B-5A23EDF80642} = {F084F6AC-C478-4C9A-A2D5-6FB3F978DD9B}
		{FC200E98-DC12-4276-A7CD-588CD9E638A7} = {F084F6AC-C478-4C9A-A2D5-6FB3F978DD9B}
		{39148FCD-A298-4080-B9DA-46D1A2E4E789} = {F084F6AC-C478-4C9A-A2D5-6FB3F978DD9B}
		{F7324168-9704-4996-BF61-546590F86614} = {F084F6AC-C478-4C9A-A2D5-6FB3F978DD9B}
		{B1A06454-C346-44BB-B988-13855D99E5DD} = {8F6A4B36-5588-4C25-8900-6F969C345F3C}
		{0D30E1E8-E5E3-4B9C-8BD7-4310614C65BD} = {5C411F31-BF09-4976-95CD-8748327C8478}
		{736E1DE9-D1FB-40DD-9371-FB6E2066964D} = {5C411F31-BF09-4976-95CD-8748327C8478}
		{37C0BA0E-AC85-4C61-A187-1C7CF7E690D8} = {5C411F31-BF09-4976-95CD-8748327C8478}
		{B7369973-9984-480E-94B7-498D3C72E4AF} = {5C411F31-BF09-4976-95CD-8748327C8478}
		{D275B163-5D5B-4879-9A10-A5C10EDB00AE} = {5C411F31-BF09-4976-95CD-8748327C8478}
		{3F716DF0-E3EF-4C61-8F80-3244DF8D68DE} = {5C411F31-BF09-4976-95CD-8748327C8478}
		{CF8A5C5E-46D1-485E-A1DD-45529BFCE950} = {5C411F31-BF09-4976-95CD-8748327C8478}
		{E8E5F09C-EA0F-4CA5-A762-71EF3A3180D9} = {5C411F31-BF09-4976-95CD-8748327C8478}
		{7F0B64B3-7A4A-479D-AB29-6574028EF1D8} = {5C411F31-BF09-4976-95CD-8748327C8478}
		{1517437D-F5B6-4124-A985-2D2AD1D04F1B} = {5C411F31-BF09-4976-95CD-8748327C8478}
		{E0717F71-D9AF-41D3-9368-1810950CBCC6} = {5C411F31-BF09-4976-95CD-8748327C8478}
	EndGlobalSection
	GlobalSection(ExtensibilityGlobals) = postSolution
		SolutionGuid = {4CB31E6C-64DF-499B-B990-0C72B1A2AF47}
	EndGlobalSection
EndGlobal
