<?xml version="1.0" encoding="utf-8"?>
<Project ToolsVersion="4.0" xmlns="http://schemas.microsoft.com/developer/msbuild/2003">
  <ItemGroup>
    <Filter Include="Source Files">
      <UniqueIdentifier>{4FC737F1-C7A5-4376-A066-2A32D752A2FF}</UniqueIdentifier>
      <Extensions>cpp;c;cc;cxx;def;odl;idl;hpj;bat;asm;asmx</Extensions>
    </Filter>
    <Filter Include="Header Files">
      <UniqueIdentifier>{93995380-89BD-4b04-88EB-625FBE52EBFB}</UniqueIdentifier>
      <Extensions>h;hh;hpp;hxx;hm;inl;inc;ipp;xsd</Extensions>
    </Filter>
    <Filter Include="Source Files\component">
      <UniqueIdentifier>{34b36a8f-32b9-4fbe-9a88-bc52a715ed4b}</UniqueIdentifier>
    </Filter>
    <Filter Include="Header Files\component">
      <UniqueIdentifier>{8d4690f3-3ef6-4a72-980f-c678e5a783db}</UniqueIdentifier>
    </Filter>
  </ItemGroup>
  <ItemGroup>
    <ClCompile Include="AssemblyInfo.cpp">
      <Filter>Source Files</Filter>
    </ClCompile>
    <ClCompile Include="OpenSmileInterop.cpp">
      <Filter>Source Files</Filter>
    </ClCompile>
    <ClCompile Include="WaveSourceClone.cpp">
      <Filter>Source Files\component</Filter>
    </ClCompile>
    <ClCompile Include="RawDataSink.cpp">
      <Filter>Source Files\component</Filter>
    </ClCompile>
    <ClCompile Include="RawWaveSource.cpp">
      <Filter>Source Files\component</Filter>
    </ClCompile>
    <ClCompile Include="ConfigReader.cpp">
      <Filter>Source Files</Filter>
    </ClCompile>
    <ClCompile Include="ComponentManager.cpp">
      <Filter>Source Files</Filter>
    </ClCompile>
  </ItemGroup>
  <ItemGroup>
    <ClInclude Include="SMILExtract.h">
      <Filter>Header Files</Filter>
    </ClInclude>
    <ClInclude Include="WaveSourceClone.h">
      <Filter>Header Files\component</Filter>
    </ClInclude>
    <ClInclude Include="RawDataSink.h">
      <Filter>Header Files\component</Filter>
    </ClInclude>
    <ClInclude Include="RawWaveSource.h">
      <Filter>Header Files\component</Filter>
    </ClInclude>
    <ClInclude Include="DataMemory.h">
      <Filter>Header Files</Filter>
    </ClInclude>
    <ClInclude Include="Environment.h">
      <Filter>Header Files</Filter>
    </ClInclude>
    <ClInclude Include="ComponentList.h">
      <Filter>Header Files</Filter>
    </ClInclude>
    <ClInclude Include="ComponentManager.h">
      <Filter>Header Files</Filter>
    </ClInclude>
    <ClInclude Include="ConfigReader.h">
      <Filter>Header Files</Filter>
    </ClInclude>
    <ClInclude Include="Configuration.h">
      <Filter>Header Files</Filter>
    </ClInclude>
    <ClInclude Include="Common.h">
      <Filter>Header Files</Filter>
    </ClInclude>
    <ClInclude Include="SmileComponentConfiguration.h">
      <Filter>Header Files</Filter>
    </ClInclude>
  </ItemGroup>
</Project>